
Microsoft Visual Studio Solution File, Format Version 12.00
# Visual Studio Version 17
VisualStudioVersion = 17.14.36221.1 d17.14
MinimumVisualStudioVersion = 10.0.40219.1
Project("{FAE04EC0-301F-11D3-BF4B-00C04F79EFBC}") = "FarmProductsWPF", "FarmProductsWPF\FarmProductsWPF.csproj", "{FF147BF5-6BAF-42E0-A474-C30BF56D36D3}"
EndProject
Global
	GlobalSection(SolutionConfigurationPlatforms) = preSolution
		Debug|Any CPU = Debug|Any CPU
		Release|Any CPU = Release|Any CPU
	EndGlobalSection
	GlobalSection(ProjectConfigurationPlatforms) = postSolution
		{FF147BF5-6BAF-42E0-A474-C30BF56D36D3}.Debug|Any CPU.ActiveCfg = Debug|Any CPU
		{FF147BF5-6BAF-42E0-A474-C30BF56D36D3}.Debug|Any CPU.Build.0 = Debug|Any CPU
		{FF147BF5-6BAF-42E0-A474-C30BF56D36D3}.Release|Any CPU.ActiveCfg = Release|Any CPU
		{FF147BF5-6BAF-42E0-A474-C30BF56D36D3}.Release|Any CPU.Build.0 = Release|Any CPU
	EndGlobalSection
	GlobalSection(SolutionProperties) = preSolution
		HideSolutionNode = FALSE
	EndGlobalSection
	GlobalSection(ExtensibilityGlobals) = postSolution
		SolutionGuid = {9CB06673-9905-448D-BDF7-A243EF99AE6F}
	EndGlobalSection
EndGlobal
